
Microsoft Visual Studio Solution File, Format Version 12.00
# Visual Studio Version 17
VisualStudioVersion = 17.9.34701.34
MinimumVisualStudioVersion = 10.0.40219.1
Project("{FAE04EC0-301F-11D3-BF4B-00C04F79EFBC}") = "ADSProyect", "ADSProyect\ADSProyect.csproj", "{4BD23CE1-100F-4593-9D67-AAC992E8A40D}"
EndProject
Global
	GlobalSection(SolutionConfigurationPlatforms) = preSolution
		Debug|Any CPU = Debug|Any CPU
		Release|Any CPU = Release|Any CPU
	EndGlobalSection
	GlobalSection(ProjectConfigurationPlatforms) = postSolution
		{4BD23CE1-100F-4593-9D67-AAC992E8A40D}.Debug|Any CPU.ActiveCfg = Debug|Any CPU
		{4BD23CE1-100F-4593-9D67-AAC992E8A40D}.Debug|Any CPU.Build.0 = Debug|Any CPU
		{4BD23CE1-100F-4593-9D67-AAC992E8A40D}.Release|Any CPU.ActiveCfg = Release|Any CPU
		{4BD23CE1-100F-4593-9D67-AAC992E8A40D}.Release|Any CPU.Build.0 = Release|Any CPU
	EndGlobalSection
	GlobalSection(SolutionProperties) = preSolution
		HideSolutionNode = FALSE
	EndGlobalSection
	GlobalSection(ExtensibilityGlobals) = postSolution
		SolutionGuid = {AC770F41-3B16-467B-B129-0487B9864DDF}
	EndGlobalSection
EndGlobal
